
Microsoft Visual Studio Solution File, Format Version 12.00
# Visual Studio 15
VisualStudioVersion = 15.0.27703.2042
MinimumVisualStudioVersion = 10.0.40219.1
Project("{2150E333-8FDC-42A3-9474-1A3956D46DE8}") = "1_Monolith", "1_Monolith", "{936D22F2-C90E-48B9-A209-A04A63CF16D9}"
	ProjectSection(SolutionItems) = preProject
		1_Monolith\Readme.md = 1_Monolith\Readme.md
	EndProjectSection
EndProject
Project("{2150E333-8FDC-42A3-9474-1A3956D46DE8}") = "2_Service", "2_Service", "{36CE2D65-BA35-474D-ACC0-61055F02955D}"
	ProjectSection(SolutionItems) = preProject
		2_Service\Readme.md = 2_Service\Readme.md
	EndProjectSection
EndProject
Project("{FAE04EC0-301F-11D3-BF4B-00C04F79EFBC}") = "MyBackgroundCheckService.Api", "2_Service\MyBackgroundCheckService.Api\MyBackgroundCheckService.Api.csproj", "{75522EE2-20BF-4855-B271-252FB98AC9D1}"
EndProject
Project("{FAE04EC0-301F-11D3-BF4B-00C04F79EFBC}") = "Monolith.BackgroundCheck", "1_Monolith\Monolith.BackgroundCheck\Monolith.BackgroundCheck.csproj", "{19F5DF6B-ED8B-457E-9AAC-710EF60023FF}"
EndProject
Project("{2150E333-8FDC-42A3-9474-1A3956D46DE8}") = "Document", "Document", "{6A8E19C9-45B9-4617-B61D-1061D02A73D0}"
	ProjectSection(SolutionItems) = preProject
		Document\goal3.md = Document\goal3.md
	EndProjectSection
EndProject
Project("{2150E333-8FDC-42A3-9474-1A3956D46DE8}") = "Solution Items", "Solution Items", "{994A6C16-2E0C-4F5A-B9D8-F4C413A41632}"
	ProjectSection(SolutionItems) = preProject
		Readme.md = Readme.md
	EndProjectSection
EndProject
Project("{FAE04EC0-301F-11D3-BF4B-00C04F79EFBC}") = "MyBackgroundCheckService.Library", "2_Service\MyBackgroundCheckService.Library\MyBackgroundCheckService.Library.csproj", "{C41A068B-D6E0-43D1-96A5-A4CDB212762A}"
EndProject
Project("{2150E333-8FDC-42A3-9474-1A3956D46DE8}") = "Queues", "Queues", "{19323195-54A9-481C-A7AE-1914CEE70782}"
	ProjectSection(SolutionItems) = preProject
		2_Service\Queues\invitation.json = 2_Service\Queues\invitation.json
	EndProjectSection
EndProject
Project("{2150E333-8FDC-42A3-9474-1A3956D46DE8}") = "3_Provider", "3_Provider", "{D6DECAB8-6B59-4814-9F1F-B0AE0D4ACDD5}"
EndProject
Project("{FAE04EC0-301F-11D3-BF4B-00C04F79EFBC}") = "BackgroundCheckProvider.Api", "3_Provider\BackgroundCheckProvider.Api\BackgroundCheckProvider.Api.csproj", "{C703E7AE-75D6-4BA4-9A1A-F033161AA1F6}"
EndProject
Project("{FAE04EC0-301F-11D3-BF4B-00C04F79EFBC}") = "BackgroundCheckProvider.StatusUpdator", "3_Provider\BackgroundCheckProvider.StatusUpdator\BackgroundCheckProvider.StatusUpdator.csproj", "{1287548E-A4F3-44ED-B420-D36AC1E3ACEE}"
EndProject
Project("{FAE04EC0-301F-11D3-BF4B-00C04F79EFBC}") = "MyBackgroundCheckService.Processor", "2_Service\MyBackgroundCheckService.Processor\MyBackgroundCheckService.Processor.csproj", "{87B52D8E-40C7-48EB-AA72-4221E32565E8}"
EndProject
Project("{FAE04EC0-301F-11D3-BF4B-00C04F79EFBC}") = "MyBackgroundCheckService.Tests", "2_Service\MyBackgroundCheckService.Tests\MyBackgroundCheckService.Tests.csproj", "{A1F54673-CF49-4E13-AA1D-19DE4B86205C}"
EndProject
Global
	GlobalSection(SolutionConfigurationPlatforms) = preSolution
		Debug|Any CPU = Debug|Any CPU
		Release|Any CPU = Release|Any CPU
	EndGlobalSection
	GlobalSection(ProjectConfigurationPlatforms) = postSolution
		{75522EE2-20BF-4855-B271-252FB98AC9D1}.Debug|Any CPU.ActiveCfg = Debug|Any CPU
		{75522EE2-20BF-4855-B271-252FB98AC9D1}.Debug|Any CPU.Build.0 = Debug|Any CPU
		{75522EE2-20BF-4855-B271-252FB98AC9D1}.Release|Any CPU.ActiveCfg = Release|Any CPU
		{75522EE2-20BF-4855-B271-252FB98AC9D1}.Release|Any CPU.Build.0 = Release|Any CPU
		{19F5DF6B-ED8B-457E-9AAC-710EF60023FF}.Debug|Any CPU.ActiveCfg = Debug|Any CPU
		{19F5DF6B-ED8B-457E-9AAC-710EF60023FF}.Debug|Any CPU.Build.0 = Debug|Any CPU
		{19F5DF6B-ED8B-457E-9AAC-710EF60023FF}.Release|Any CPU.ActiveCfg = Release|Any CPU
		{19F5DF6B-ED8B-457E-9AAC-710EF60023FF}.Release|Any CPU.Build.0 = Release|Any CPU
		{C41A068B-D6E0-43D1-96A5-A4CDB212762A}.Debug|Any CPU.ActiveCfg = Debug|Any CPU
		{C41A068B-D6E0-43D1-96A5-A4CDB212762A}.Debug|Any CPU.Build.0 = Debug|Any CPU
		{C41A068B-D6E0-43D1-96A5-A4CDB212762A}.Release|Any CPU.ActiveCfg = Release|Any CPU
		{C41A068B-D6E0-43D1-96A5-A4CDB212762A}.Release|Any CPU.Build.0 = Release|Any CPU
		{C703E7AE-75D6-4BA4-9A1A-F033161AA1F6}.Debug|Any CPU.ActiveCfg = Debug|Any CPU
		{C703E7AE-75D6-4BA4-9A1A-F033161AA1F6}.Debug|Any CPU.Build.0 = Debug|Any CPU
		{C703E7AE-75D6-4BA4-9A1A-F033161AA1F6}.Release|Any CPU.ActiveCfg = Release|Any CPU
		{C703E7AE-75D6-4BA4-9A1A-F033161AA1F6}.Release|Any CPU.Build.0 = Release|Any CPU
		{1287548E-A4F3-44ED-B420-D36AC1E3ACEE}.Debug|Any CPU.ActiveCfg = Debug|Any CPU
		{1287548E-A4F3-44ED-B420-D36AC1E3ACEE}.Debug|Any CPU.Build.0 = Debug|Any CPU
		{1287548E-A4F3-44ED-B420-D36AC1E3ACEE}.Release|Any CPU.ActiveCfg = Release|Any CPU
		{1287548E-A4F3-44ED-B420-D36AC1E3ACEE}.Release|Any CPU.Build.0 = Release|Any CPU
		{87B52D8E-40C7-48EB-AA72-4221E32565E8}.Debug|Any CPU.ActiveCfg = Debug|Any CPU
		{87B52D8E-40C7-48EB-AA72-4221E32565E8}.Debug|Any CPU.Build.0 = Debug|Any CPU
		{87B52D8E-40C7-48EB-AA72-4221E32565E8}.Release|Any CPU.ActiveCfg = Release|Any CPU
		{87B52D8E-40C7-48EB-AA72-4221E32565E8}.Release|Any CPU.Build.0 = Release|Any CPU
		{A1F54673-CF49-4E13-AA1D-19DE4B86205C}.Debug|Any CPU.ActiveCfg = Debug|Any CPU
		{A1F54673-CF49-4E13-AA1D-19DE4B86205C}.Debug|Any CPU.Build.0 = Debug|Any CPU
		{A1F54673-CF49-4E13-AA1D-19DE4B86205C}.Release|Any CPU.ActiveCfg = Release|Any CPU
		{A1F54673-CF49-4E13-AA1D-19DE4B86205C}.Release|Any CPU.Build.0 = Release|Any CPU
	EndGlobalSection
	GlobalSection(SolutionProperties) = preSolution
		HideSolutionNode = FALSE
	EndGlobalSection
	GlobalSection(NestedProjects) = preSolution
		{75522EE2-20BF-4855-B271-252FB98AC9D1} = {36CE2D65-BA35-474D-ACC0-61055F02955D}
		{19F5DF6B-ED8B-457E-9AAC-710EF60023FF} = {936D22F2-C90E-48B9-A209-A04A63CF16D9}
		{C41A068B-D6E0-43D1-96A5-A4CDB212762A} = {36CE2D65-BA35-474D-ACC0-61055F02955D}
		{19323195-54A9-481C-A7AE-1914CEE70782} = {36CE2D65-BA35-474D-ACC0-61055F02955D}
		{C703E7AE-75D6-4BA4-9A1A-F033161AA1F6} = {D6DECAB8-6B59-4814-9F1F-B0AE0D4ACDD5}
		{1287548E-A4F3-44ED-B420-D36AC1E3ACEE} = {D6DECAB8-6B59-4814-9F1F-B0AE0D4ACDD5}
		{87B52D8E-40C7-48EB-AA72-4221E32565E8} = {36CE2D65-BA35-474D-ACC0-61055F02955D}
		{A1F54673-CF49-4E13-AA1D-19DE4B86205C} = {36CE2D65-BA35-474D-ACC0-61055F02955D}
	EndGlobalSection
	GlobalSection(ExtensibilityGlobals) = postSolution
		SolutionGuid = {2DD9EEC0-1E46-4687-9ECF-C9A4D59424F1}
	EndGlobalSection
EndGlobal
