
Microsoft Visual Studio Solution File, Format Version 12.00
# Visual Studio 2012
Project("{FAE04EC0-301F-11D3-BF4B-00C04F79EFBC}") = "BobBackgroundCheckProvider.Api", "BobBackgroundCheckProvider.Api\BobBackgroundCheckProvider.Api.csproj", "{2AA46960-E050-4058-BF10-EAAFB4DA12B6}"
EndProject
Project("{FAE04EC0-301F-11D3-BF4B-00C04F79EFBC}") = "BobBackgroundCheckProvider.Processor", "BobBackgroundCheckProvider.Processor\BobBackgroundCheckProvider.Processor.csproj", "{489FDC37-86C4-48B9-A79C-AA194F3A05F4}"
EndProject
Global
	GlobalSection(SolutionConfigurationPlatforms) = preSolution
		Debug|Any CPU = Debug|Any CPU
		Release|Any CPU = Release|Any CPU
	EndGlobalSection
	GlobalSection(ProjectConfigurationPlatforms) = postSolution
		{2AA46960-E050-4058-BF10-EAAFB4DA12B6}.Debug|Any CPU.ActiveCfg = Debug|Any CPU
		{2AA46960-E050-4058-BF10-EAAFB4DA12B6}.Debug|Any CPU.Build.0 = Debug|Any CPU
		{2AA46960-E050-4058-BF10-EAAFB4DA12B6}.Release|Any CPU.ActiveCfg = Release|Any CPU
		{2AA46960-E050-4058-BF10-EAAFB4DA12B6}.Release|Any CPU.Build.0 = Release|Any CPU
		{489FDC37-86C4-48B9-A79C-AA194F3A05F4}.Debug|Any CPU.ActiveCfg = Debug|Any CPU
		{489FDC37-86C4-48B9-A79C-AA194F3A05F4}.Debug|Any CPU.Build.0 = Debug|Any CPU
		{489FDC37-86C4-48B9-A79C-AA194F3A05F4}.Release|Any CPU.ActiveCfg = Release|Any CPU
		{489FDC37-86C4-48B9-A79C-AA194F3A05F4}.Release|Any CPU.Build.0 = Release|Any CPU
	EndGlobalSection
EndGlobal
